// !$*UTF8*$!
{
	archiveVersion = 1;
	classes = {
	};
	objectVersion = 48;
	objects = {

/* Begin PBXBuildFile section */
		6514F082202EDA1900381BAD /* AppDelegate.swift in Sources */ = {isa = PBXBuildFile; fileRef = 6514F081202EDA1900381BAD /* AppDelegate.swift */; };
		6514F084202EDA1900381BAD /* ViewController.swift in Sources */ = {isa = PBXBuildFile; fileRef = 6514F083202EDA1900381BAD /* ViewController.swift */; };
		6514F087202EDA1900381BAD /* Main.storyboard in Resources */ = {isa = PBXBuildFile; fileRef = 6514F085202EDA1900381BAD /* Main.storyboard */; };
		6514F089202EDA1900381BAD /* Assets.xcassets in Resources */ = {isa = PBXBuildFile; fileRef = 6514F088202EDA1900381BAD /* Assets.xcassets */; };
		6514F08C202EDA1900381BAD /* LaunchScreen.storyboard in Resources */ = {isa = PBXBuildFile; fileRef = 6514F08A202EDA1900381BAD /* LaunchScreen.storyboard */; };
		6514F094202EDC7500381BAD /* TableViewCell.swift in Sources */ = {isa = PBXBuildFile; fileRef = 6514F093202EDC7500381BAD /* TableViewCell.swift */; };
		6514F096202EDCE700381BAD /* SubjectItem.swift in Sources */ = {isa = PBXBuildFile; fileRef = 6514F095202EDCE700381BAD /* SubjectItem.swift */; };
		6514F098202EDDCB00381BAD /* TableViewController.swift in Sources */ = {isa = PBXBuildFile; fileRef = 6514F097202EDDCB00381BAD /* TableViewController.swift */; };
		65240F95202F9FC000D24C46 /* QuestionViewController.swift in Sources */ = {isa = PBXBuildFile; fileRef = 65240F94202F9FC000D24C46 /* QuestionViewController.swift */; };
		65240F97202F9FCD00D24C46 /* AnswerViewController.swift in Sources */ = {isa = PBXBuildFile; fileRef = 65240F96202F9FCD00D24C46 /* AnswerViewController.swift */; };
		65240F99202F9FE200D24C46 /* FinishViewController.swift in Sources */ = {isa = PBXBuildFile; fileRef = 65240F98202F9FE200D24C46 /* FinishViewController.swift */; };
		65240F9B202FA02B00D24C46 /* QuestionObject.swift in Sources */ = {isa = PBXBuildFile; fileRef = 65240F9A202FA02B00D24C46 /* QuestionObject.swift */; };
		65A51755203946E400FE503C /* AppData.swift in Sources */ = {isa = PBXBuildFile; fileRef = 65A51754203946E400FE503C /* AppData.swift */; };
		65B56A18203918FE00D69E7D /* PopoverViewController.swift in Sources */ = {isa = PBXBuildFile; fileRef = 65B56A17203918FE00D69E7D /* PopoverViewController.swift */; };
		65B56A1A20392D6800D69E7D /* Settings.bundle in Resources */ = {isa = PBXBuildFile; fileRef = 65B56A1920392D6800D69E7D /* Settings.bundle */; };
/* End PBXBuildFile section */

/* Begin PBXFileReference section */
		6514F07E202EDA1900381BAD /* iquiz.app */ = {isa = PBXFileReference; explicitFileType = wrapper.application; includeInIndex = 0; path = iquiz.app; sourceTree = BUILT_PRODUCTS_DIR; };
		6514F081202EDA1900381BAD /* AppDelegate.swift */ = {isa = PBXFileReference; lastKnownFileType = sourcecode.swift; path = AppDelegate.swift; sourceTree = "<group>"; };
		6514F083202EDA1900381BAD /* ViewController.swift */ = {isa = PBXFileReference; lastKnownFileType = sourcecode.swift; path = ViewController.swift; sourceTree = "<group>"; };
		6514F086202EDA1900381BAD /* Base */ = {isa = PBXFileReference; lastKnownFileType = file.storyboard; name = Base; path = Base.lproj/Main.storyboard; sourceTree = "<group>"; };
		6514F088202EDA1900381BAD /* Assets.xcassets */ = {isa = PBXFileReference; lastKnownFileType = folder.assetcatalog; path = Assets.xcassets; sourceTree = "<group>"; };
		6514F08B202EDA1900381BAD /* Base */ = {isa = PBXFileReference; lastKnownFileType = file.storyboard; name = Base; path = Base.lproj/LaunchScreen.storyboard; sourceTree = "<group>"; };
		6514F08D202EDA1900381BAD /* Info.plist */ = {isa = PBXFileReference; lastKnownFileType = text.plist.xml; path = Info.plist; sourceTree = "<group>"; };
		6514F093202EDC7500381BAD /* TableViewCell.swift */ = {isa = PBXFileReference; lastKnownFileType = sourcecode.swift; path = TableViewCell.swift; sourceTree = "<group>"; };
		6514F095202EDCE700381BAD /* SubjectItem.swift */ = {isa = PBXFileReference; lastKnownFileType = sourcecode.swift; path = SubjectItem.swift; sourceTree = "<group>"; };
		6514F097202EDDCB00381BAD /* TableViewController.swift */ = {isa = PBXFileReference; lastKnownFileType = sourcecode.swift; path = TableViewController.swift; sourceTree = "<group>"; };
		65240F94202F9FC000D24C46 /* QuestionViewController.swift */ = {isa = PBXFileReference; lastKnownFileType = sourcecode.swift; path = QuestionViewController.swift; sourceTree = "<group>"; };
		65240F96202F9FCD00D24C46 /* AnswerViewController.swift */ = {isa = PBXFileReference; lastKnownFileType = sourcecode.swift; path = AnswerViewController.swift; sourceTree = "<group>"; };
		65240F98202F9FE200D24C46 /* FinishViewController.swift */ = {isa = PBXFileReference; lastKnownFileType = sourcecode.swift; path = FinishViewController.swift; sourceTree = "<group>"; };
		65240F9A202FA02B00D24C46 /* QuestionObject.swift */ = {isa = PBXFileReference; lastKnownFileType = sourcecode.swift; path = QuestionObject.swift; sourceTree = "<group>"; };
		65A51754203946E400FE503C /* AppData.swift */ = {isa = PBXFileReference; lastKnownFileType = sourcecode.swift; path = AppData.swift; sourceTree = "<group>"; };
		65B56A17203918FE00D69E7D /* PopoverViewController.swift */ = {isa = PBXFileReference; lastKnownFileType = sourcecode.swift; path = PopoverViewController.swift; sourceTree = "<group>"; };
		65B56A1920392D6800D69E7D /* Settings.bundle */ = {isa = PBXFileReference; lastKnownFileType = "wrapper.plug-in"; path = Settings.bundle; sourceTree = "<group>"; };
/* End PBXFileReference section */

/* Begin PBXFrameworksBuildPhase section */
		6514F07B202EDA1900381BAD /* Frameworks */ = {
			isa = PBXFrameworksBuildPhase;
			buildActionMask = 2147483647;
			files = (
			);
			runOnlyForDeploymentPostprocessing = 0;
		};
/* End PBXFrameworksBuildPhase section */

/* Begin PBXGroup section */
		6514F075202EDA1900381BAD = {
			isa = PBXGroup;
			children = (
				6514F080202EDA1900381BAD /* iquiz */,
				6514F07F202EDA1900381BAD /* Products */,
			);
			sourceTree = "<group>";
		};
		6514F07F202EDA1900381BAD /* Products */ = {
			isa = PBXGroup;
			children = (
				6514F07E202EDA1900381BAD /* iquiz.app */,
			);
			name = Products;
			sourceTree = "<group>";
		};
		6514F080202EDA1900381BAD /* iquiz */ = {
			isa = PBXGroup;
			children = (
				65B56A1920392D6800D69E7D /* Settings.bundle */,
				6514F081202EDA1900381BAD /* AppDelegate.swift */,
				6514F083202EDA1900381BAD /* ViewController.swift */,
				6514F085202EDA1900381BAD /* Main.storyboard */,
				65B56A17203918FE00D69E7D /* PopoverViewController.swift */,
				65240F94202F9FC000D24C46 /* QuestionViewController.swift */,
				65240F96202F9FCD00D24C46 /* AnswerViewController.swift */,
				65240F98202F9FE200D24C46 /* FinishViewController.swift */,
				6514F097202EDDCB00381BAD /* TableViewController.swift */,
				65A51754203946E400FE503C /* AppData.swift */,
				6514F093202EDC7500381BAD /* TableViewCell.swift */,
				6514F095202EDCE700381BAD /* SubjectItem.swift */,
				65240F9A202FA02B00D24C46 /* QuestionObject.swift */,
				6514F088202EDA1900381BAD /* Assets.xcassets */,
				6514F08A202EDA1900381BAD /* LaunchScreen.storyboard */,
				6514F08D202EDA1900381BAD /* Info.plist */,
			);
			path = iquiz;
			sourceTree = "<group>";
		};
/* End PBXGroup section */

/* Begin PBXNativeTarget section */
		6514F07D202EDA1900381BAD /* iquiz */ = {
			isa = PBXNativeTarget;
			buildConfigurationList = 6514F090202EDA1900381BAD /* Build configuration list for PBXNativeTarget "iquiz" */;
			buildPhases = (
				6514F07A202EDA1900381BAD /* Sources */,
				6514F07B202EDA1900381BAD /* Frameworks */,
				6514F07C202EDA1900381BAD /* Resources */,
			);
			buildRules = (
			);
			dependencies = (
			);
			name = iquiz;
			productName = iquiz;
			productReference = 6514F07E202EDA1900381BAD /* iquiz.app */;
			productType = "com.apple.product-type.application";
		};
/* End PBXNativeTarget section */

/* Begin PBXProject section */
		6514F076202EDA1900381BAD /* Project object */ = {
			isa = PBXProject;
			attributes = {
				LastSwiftUpdateCheck = 0920;
				LastUpgradeCheck = 0920;
				ORGANIZATIONNAME = "Kevin Tran";
				TargetAttributes = {
					6514F07D202EDA1900381BAD = {
						CreatedOnToolsVersion = 9.2;
						ProvisioningStyle = Automatic;
					};
				};
			};
			buildConfigurationList = 6514F079202EDA1900381BAD /* Build configuration list for PBXProject "iquiz" */;
			compatibilityVersion = "Xcode 8.0";
			developmentRegion = en;
			hasScannedForEncodings = 0;
			knownRegions = (
				en,
				Base,
			);
			mainGroup = 6514F075202EDA1900381BAD;
			productRefGroup = 6514F07F202EDA1900381BAD /* Products */;
			projectDirPath = "";
			projectRoot = "";
			targets = (
				6514F07D202EDA1900381BAD /* iquiz */,
			);
		};
/* End PBXProject section */

/* Begin PBXResourcesBuildPhase section */
		6514F07C202EDA1900381BAD /* Resources */ = {
			isa = PBXResourcesBuildPhase;
			buildActionMask = 2147483647;
			files = (
				65B56A1A20392D6800D69E7D /* Settings.bundle in Resources */,
				6514F08C202EDA1900381BAD /* LaunchScreen.storyboard in Resources */,
				6514F089202EDA1900381BAD /* Assets.xcassets in Resources */,
				6514F087202EDA1900381BAD /* Main.storyboard in Resources */,
			);
			runOnlyForDeploymentPostprocessing = 0;
		};
/* End PBXResourcesBuildPhase section */

/* Begin PBXSourcesBuildPhase section */
		6514F07A202EDA1900381BAD /* Sources */ = {
			isa = PBXSourcesBuildPhase;
			buildActionMask = 2147483647;
			files = (
				6514F094202EDC7500381BAD /* TableViewCell.swift in Sources */,
				65240F97202F9FCD00D24C46 /* AnswerViewController.swift in Sources */,
				65B56A18203918FE00D69E7D /* PopoverViewController.swift in Sources */,
				6514F084202EDA1900381BAD /* ViewController.swift in Sources */,
				65A51755203946E400FE503C /* AppData.swift in Sources */,
				65240F95202F9FC000D24C46 /* QuestionViewController.swift in Sources */,
				6514F082202EDA1900381BAD /* AppDelegate.swift in Sources */,
				65240F9B202FA02B00D24C46 /* QuestionObject.swift in Sources */,
				65240F99202F9FE200D24C46 /* FinishViewController.swift in Sources */,
				6514F098202EDDCB00381BAD /* TableViewController.swift in Sources */,
				6514F096202EDCE700381BAD /* SubjectItem.swift in Sources */,
			);
			runOnlyForDeploymentPostprocessing = 0;
		};
/* End PBXSourcesBuildPhase section */

/* Begin PBXVariantGroup section */
		6514F085202EDA1900381BAD /* Main.storyboard */ = {
			isa = PBXVariantGroup;
			children = (
				6514F086202EDA1900381BAD /* Base */,
			);
			name = Main.storyboard;
			sourceTree = "<group>";
		};
		6514F08A202EDA1900381BAD /* LaunchScreen.storyboard */ = {
			isa = PBXVariantGroup;
			children = (
				6514F08B202EDA1900381BAD /* Base */,
			);
			name = LaunchScreen.storyboard;
			sourceTree = "<group>";
		};
/* End PBXVariantGroup section */

/* Begin XCBuildConfiguration section */
		6514F08E202EDA1900381BAD /* Debug */ = {
			isa = XCBuildConfiguration;
			buildSettings = {
				ALWAYS_SEARCH_USER_PATHS = NO;
				CLANG_ANALYZER_NONNULL = YES;
				CLANG_ANALYZER_NUMBER_OBJECT_CONVERSION = YES_AGGRESSIVE;
				CLANG_CXX_LANGUAGE_STANDARD = "gnu++14";
				CLANG_CXX_LIBRARY = "libc++";
				CLANG_ENABLE_MODULES = YES;
				CLANG_ENABLE_OBJC_ARC = YES;
				CLANG_WARN_BLOCK_CAPTURE_AUTORELEASING = YES;
				CLANG_WARN_BOOL_CONVERSION = YES;
				CLANG_WARN_COMMA = YES;
				CLANG_WARN_CONSTANT_CONVERSION = YES;
				CLANG_WARN_DIRECT_OBJC_ISA_USAGE = YES_ERROR;
				CLANG_WARN_DOCUMENTATION_COMMENTS = YES;
				CLANG_WARN_EMPTY_BODY = YES;
				CLANG_WARN_ENUM_CONVERSION = YES;
				CLANG_WARN_INFINITE_RECURSION = YES;
				CLANG_WARN_INT_CONVERSION = YES;
				CLANG_WARN_NON_LITERAL_NULL_CONVERSION = YES;
				CLANG_WARN_OBJC_LITERAL_CONVERSION = YES;
				CLANG_WARN_OBJC_ROOT_CLASS = YES_ERROR;
				CLANG_WARN_RANGE_LOOP_ANALYSIS = YES;
				CLANG_WARN_STRICT_PROTOTYPES = YES;
				CLANG_WARN_SUSPICIOUS_MOVE = YES;
				CLANG_WARN_UNGUARDED_AVAILABILITY = YES_AGGRESSIVE;
				CLANG_WARN_UNREACHABLE_CODE = YES;
				CLANG_WARN__DUPLICATE_METHOD_MATCH = YES;
				CODE_SIGN_IDENTITY = "iPhone Developer";
				COPY_PHASE_STRIP = NO;
				DEBUG_INFORMATION_FORMAT = dwarf;
				ENABLE_STRICT_OBJC_MSGSEND = YES;
				ENABLE_TESTABILITY = YES;
				GCC_C_LANGUAGE_STANDARD = gnu11;
				GCC_DYNAMIC_NO_PIC = NO;
				GCC_NO_COMMON_BLOCKS = YES;
				GCC_OPTIMIZATION_LEVEL = 0;
				GCC_PREPROCESSOR_DEFINITIONS = (
					"DEBUG=1",
					"$(inherited)",
				);
				GCC_WARN_64_TO_32_BIT_CONVERSION = YES;
				GCC_WARN_ABOUT_RETURN_TYPE = YES_ERROR;
				GCC_WARN_UNDECLARED_SELECTOR = YES;
				GCC_WARN_UNINITIALIZED_AUTOS = YES_AGGRESSIVE;
				GCC_WARN_UNUSED_FUNCTION = YES;
				GCC_WARN_UNUSED_VARIABLE = YES;
				IPHONEOS_DEPLOYMENT_TARGET = 11.2;
				MTL_ENABLE_DEBUG_INFO = YES;
				ONLY_ACTIVE_ARCH = YES;
				SDKROOT = iphoneos;
				SWIFT_ACTIVE_COMPILATION_CONDITIONS = DEBUG;
				SWIFT_OPTIMIZATION_LEVEL = "-Onone";
			};
			name = Debug;
		};
		6514F08F202EDA1900381BAD /* Release */ = {
			isa = XCBuildConfiguration;
			buildSettings = {
				ALWAYS_SEARCH_USER_PATHS = NO;
				CLANG_ANALYZER_NONNULL = YES;
				CLANG_ANALYZER_NUMBER_OBJECT_CONVERSION = YES_AGGRESSIVE;
				CLANG_CXX_LANGUAGE_STANDARD = "gnu++14";
				CLANG_CXX_LIBRARY = "libc++";
				CLANG_ENABLE_MODULES = YES;
				CLANG_ENABLE_OBJC_ARC = YES;
				CLANG_WARN_BLOCK_CAPTURE_AUTORELEASING = YES;
				CLANG_WARN_BOOL_CONVERSION = YES;
				CLANG_WARN_COMMA = YES;
				CLANG_WARN_CONSTANT_CONVERSION = YES;
				CLANG_WARN_DIRECT_OBJC_ISA_USAGE = YES_ERROR;
				CLANG_WARN_DOCUMENTATION_COMMENTS = YES;
				CLANG_WARN_EMPTY_BODY = YES;
				CLANG_WARN_ENUM_CONVERSION = YES;
				CLANG_WARN_INFINITE_RECURSION = YES;
				CLANG_WARN_INT_CONVERSION = YES;
				CLANG_WARN_NON_LITERAL_NULL_CONVERSION = YES;
				CLANG_WARN_OBJC_LITERAL_CONVERSION = YES;
				CLANG_WARN_OBJC_ROOT_CLASS = YES_ERROR;
				CLANG_WARN_RANGE_LOOP_ANALYSIS = YES;
				CLANG_WARN_STRICT_PROTOTYPES = YES;
				CLANG_WARN_SUSPICIOUS_MOVE = YES;
				CLANG_WARN_UNGUARDED_AVAILABILITY = YES_AGGRESSIVE;
				CLANG_WARN_UNREACHABLE_CODE = YES;
				CLANG_WARN__DUPLICATE_METHOD_MATCH = YES;
				CODE_SIGN_IDENTITY = "iPhone Developer";
				COPY_PHASE_STRIP = NO;
				DEBUG_INFORMATION_FORMAT = "dwarf-with-dsym";
				ENABLE_NS_ASSERTIONS = NO;
				ENABLE_STRICT_OBJC_MSGSEND = YES;
				GCC_C_LANGUAGE_STANDARD = gnu11;
				GCC_NO_COMMON_BLOCKS = YES;
				GCC_WARN_64_TO_32_BIT_CONVERSION = YES;
				GCC_WARN_ABOUT_RETURN_TYPE = YES_ERROR;
				GCC_WARN_UNDECLARED_SELECTOR = YES;
				GCC_WARN_UNINITIALIZED_AUTOS = YES_AGGRESSIVE;
				GCC_WARN_UNUSED_FUNCTION = YES;
				GCC_WARN_UNUSED_VARIABLE = YES;
				IPHONEOS_DEPLOYMENT_TARGET = 11.2;
				MTL_ENABLE_DEBUG_INFO = NO;
				SDKROOT = iphoneos;
				SWIFT_OPTIMIZATION_LEVEL = "-Owholemodule";
				VALIDATE_PRODUCT = YES;
			};
			name = Release;
		};
		6514F091202EDA1900381BAD /* Debug */ = {
			isa = XCBuildConfiguration;
			buildSettings = {
				ASSETCATALOG_COMPILER_APPICON_NAME = AppIcon;
				CODE_SIGN_STYLE = Automatic;
				DEVELOPMENT_TEAM = Y6PR999CDT;
				INFOPLIST_FILE = iquiz/Info.plist;
				LD_RUNPATH_SEARCH_PATHS = "$(inherited) @executable_path/Frameworks";
				PRODUCT_BUNDLE_IDENTIFIER = com.kevintran.iquiz;
				PRODUCT_NAME = "$(TARGET_NAME)";
				SWIFT_VERSION = 4.0;
				TARGETED_DEVICE_FAMILY = "1,2";
			};
			name = Debug;
		};
		6514F092202EDA1900381BAD /* Release */ = {
			isa = XCBuildConfiguration;
			buildSettings = {
				ASSETCATALOG_COMPILER_APPICON_NAME = AppIcon;
				CODE_SIGN_STYLE = Automatic;
				DEVELOPMENT_TEAM = Y6PR999CDT;
				INFOPLIST_FILE = iquiz/Info.plist;
				LD_RUNPATH_SEARCH_PATHS = "$(inherited) @executable_path/Frameworks";
				PRODUCT_BUNDLE_IDENTIFIER = com.kevintran.iquiz;
				PRODUCT_NAME = "$(TARGET_NAME)";
				SWIFT_VERSION = 4.0;
				TARGETED_DEVICE_FAMILY = "1,2";
			};
			name = Release;
		};
/* End XCBuildConfiguration section */

/* Begin XCConfigurationList section */
		6514F079202EDA1900381BAD /* Build configuration list for PBXProject "iquiz" */ = {
			isa = XCConfigurationList;
			buildConfigurations = (
				6514F08E202EDA1900381BAD /* Debug */,
				6514F08F202EDA1900381BAD /* Release */,
			);
			defaultConfigurationIsVisible = 0;
			defaultConfigurationName = Release;
		};
		6514F090202EDA1900381BAD /* Build configuration list for PBXNativeTarget "iquiz" */ = {
			isa = XCConfigurationList;
			buildConfigurations = (
				6514F091202EDA1900381BAD /* Debug */,
				6514F092202EDA1900381BAD /* Release */,
			);
			defaultConfigurationIsVisible = 0;
			defaultConfigurationName = Release;
		};
/* End XCConfigurationList section */
	};
	rootObject = 6514F076202EDA1900381BAD /* Project object */;
}
